
Microsoft Visual Studio Solution File, Format Version 12.00
# Visual Studio Version 17
VisualStudioVersion = 17.1.32210.238
MinimumVisualStudioVersion = 10.0.40219.1
Project("{8BC9CEB8-8B4A-11D0-8D11-00A0C91BC942}") = "w8", "w8.vcxproj", "{A8E6D03B-815D-4AA2-809F-6C5AF621BAC3}"
EndProject
Global
	GlobalSection(SolutionConfigurationPlatforms) = preSolution
		Debug|x64 = Debug|x64
		Debug|x86 = Debug|x86
		Release|x64 = Release|x64
		Release|x86 = Release|x86
	EndGlobalSection
	GlobalSection(ProjectConfigurationPlatforms) = postSolution
		{A8E6D03B-815D-4AA2-809F-6C5AF621BAC3}.Debug|x64.ActiveCfg = Debug|x64
		{A8E6D03B-815D-4AA2-809F-6C5AF621BAC3}.Debug|x64.Build.0 = Debug|x64
		{A8E6D03B-815D-4AA2-809F-6C5AF621BAC3}.Debug|x86.ActiveCfg = Debug|Win32
		{A8E6D03B-815D-4AA2-809F-6C5AF621BAC3}.Debug|x86.Build.0 = Debug|Win32
		{A8E6D03B-815D-4AA2-809F-6C5AF621BAC3}.Release|x64.ActiveCfg = Release|x64
		{A8E6D03B-815D-4AA2-809F-6C5AF621BAC3}.Release|x64.Build.0 = Release|x64
		{A8E6D03B-815D-4AA2-809F-6C5AF621BAC3}.Release|x86.ActiveCfg = Release|Win32
		{A8E6D03B-815D-4AA2-809F-6C5AF621BAC3}.Release|x86.Build.0 = Release|Win32
	EndGlobalSection
	GlobalSection(SolutionProperties) = preSolution
		HideSolutionNode = FALSE
	EndGlobalSection
	GlobalSection(ExtensibilityGlobals) = postSolution
		SolutionGuid = {A1634EE0-BA9F-43F9-B558-F522BB257DF1}
	EndGlobalSection
EndGlobal
